// !$*UTF8*$!
{
	archiveVersion = 1;
	classes = {
	};
	objectVersion = 56;
	objects = {

/* Begin PBXBuildFile section */
		2D21A6A52A01A77C003EC59E /* CMTime+.swift in Sources */ = {isa = PBXBuildFile; fileRef = 2D21A6A42A01A77C003EC59E /* CMTime+.swift */; };
		2D4537EB29FFE4C500E138C8 /* PodcastCell.swift in Sources */ = {isa = PBXBuildFile; fileRef = 2D4537E929FFE4C500E138C8 /* PodcastCell.swift */; };
		2D4537EC29FFE4C500E138C8 /* PodcastCell.xib in Resources */ = {isa = PBXBuildFile; fileRef = 2D4537EA29FFE4C500E138C8 /* PodcastCell.xib */; };
		2D4537F029FFF02800E138C8 /* SDWebImage in Frameworks */ = {isa = PBXBuildFile; productRef = 2D4537EF29FFF02800E138C8 /* SDWebImage */; };
		2D4537F42A00063400E138C8 /* EpisodesController.swift in Sources */ = {isa = PBXBuildFile; fileRef = 2D4537F32A00063400E138C8 /* EpisodesController.swift */; };
		2D4537F62A0008F600E138C8 /* Episode.swift in Sources */ = {isa = PBXBuildFile; fileRef = 2D4537F52A0008F600E138C8 /* Episode.swift */; };
		2D4537F92A000B3900E138C8 /* FeedKit in Frameworks */ = {isa = PBXBuildFile; productRef = 2D4537F82A000B3900E138C8 /* FeedKit */; };
		2D4537FC2A00125F00E138C8 /* EpisodeCell.swift in Sources */ = {isa = PBXBuildFile; fileRef = 2D4537FA2A00125F00E138C8 /* EpisodeCell.swift */; };
		2D4537FD2A00125F00E138C8 /* EpisodeCell.xib in Resources */ = {isa = PBXBuildFile; fileRef = 2D4537FB2A00125F00E138C8 /* EpisodeCell.xib */; };
		2D4538002A001B4900E138C8 /* String+.swift in Sources */ = {isa = PBXBuildFile; fileRef = 2D4537FF2A001B4900E138C8 /* String+.swift */; };
		2D50E16929FD57800009BBE9 /* AppDelegate.swift in Sources */ = {isa = PBXBuildFile; fileRef = 2D50E16829FD57800009BBE9 /* AppDelegate.swift */; };
		2D50E16B29FD57800009BBE9 /* SceneDelegate.swift in Sources */ = {isa = PBXBuildFile; fileRef = 2D50E16A29FD57800009BBE9 /* SceneDelegate.swift */; };
		2D50E17229FD57810009BBE9 /* Assets.xcassets in Resources */ = {isa = PBXBuildFile; fileRef = 2D50E17129FD57810009BBE9 /* Assets.xcassets */; };
		2D50E17529FD57810009BBE9 /* LaunchScreen.storyboard in Resources */ = {isa = PBXBuildFile; fileRef = 2D50E17329FD57810009BBE9 /* LaunchScreen.storyboard */; };
		2D5D476529FD61590071DFCA /* MainTabBarController.swift in Sources */ = {isa = PBXBuildFile; fileRef = 2D5D476429FD61590071DFCA /* MainTabBarController.swift */; };
		2D5D476B29FD6D160071DFCA /* SearchController.swift in Sources */ = {isa = PBXBuildFile; fileRef = 2D5D476A29FD6D160071DFCA /* SearchController.swift */; };
		2D5D476E29FD6D800071DFCA /* Podcast.swift in Sources */ = {isa = PBXBuildFile; fileRef = 2D5D476D29FD6D800071DFCA /* Podcast.swift */; };
		2D5D477129FD72550071DFCA /* Alamofire in Frameworks */ = {isa = PBXBuildFile; productRef = 2D5D477029FD72550071DFCA /* Alamofire */; };
		2D5D477329FD76DE0071DFCA /* SearchResponse.swift in Sources */ = {isa = PBXBuildFile; fileRef = 2D5D477229FD76DE0071DFCA /* SearchResponse.swift */; };
		2D5D477829FD81F70071DFCA /* NetworkManager.swift in Sources */ = {isa = PBXBuildFile; fileRef = 2D5D477729FD81F70071DFCA /* NetworkManager.swift */; };
		2DABAC722A0143E500839C92 /* UIApplication+.swift in Sources */ = {isa = PBXBuildFile; fileRef = 2DABAC712A0143E500839C92 /* UIApplication+.swift */; };
		2DABAC762A01447E00839C92 /* PlayerDetailView.xib in Resources */ = {isa = PBXBuildFile; fileRef = 2DABAC752A01447E00839C92 /* PlayerDetailView.xib */; };
		2DABAC7A2A01646200839C92 /* PlayerDetailView.swift in Sources */ = {isa = PBXBuildFile; fileRef = 2DABAC792A01646200839C92 /* PlayerDetailView.swift */; };
/* End PBXBuildFile section */

/* Begin PBXFileReference section */
		2D21A6A42A01A77C003EC59E /* CMTime+.swift */ = {isa = PBXFileReference; lastKnownFileType = sourcecode.swift; path = "CMTime+.swift"; sourceTree = "<group>"; };
		2D4537E929FFE4C500E138C8 /* PodcastCell.swift */ = {isa = PBXFileReference; lastKnownFileType = sourcecode.swift; path = PodcastCell.swift; sourceTree = "<group>"; };
		2D4537EA29FFE4C500E138C8 /* PodcastCell.xib */ = {isa = PBXFileReference; lastKnownFileType = file.xib; path = PodcastCell.xib; sourceTree = "<group>"; };
		2D4537F32A00063400E138C8 /* EpisodesController.swift */ = {isa = PBXFileReference; lastKnownFileType = sourcecode.swift; path = EpisodesController.swift; sourceTree = "<group>"; };
		2D4537F52A0008F600E138C8 /* Episode.swift */ = {isa = PBXFileReference; lastKnownFileType = sourcecode.swift; path = Episode.swift; sourceTree = "<group>"; };
		2D4537FA2A00125F00E138C8 /* EpisodeCell.swift */ = {isa = PBXFileReference; lastKnownFileType = sourcecode.swift; path = EpisodeCell.swift; sourceTree = "<group>"; };
		2D4537FB2A00125F00E138C8 /* EpisodeCell.xib */ = {isa = PBXFileReference; lastKnownFileType = file.xib; path = EpisodeCell.xib; sourceTree = "<group>"; };
		2D4537FF2A001B4900E138C8 /* String+.swift */ = {isa = PBXFileReference; lastKnownFileType = sourcecode.swift; path = "String+.swift"; sourceTree = "<group>"; };
		2D50E16529FD57800009BBE9 /* Podcasts.app */ = {isa = PBXFileReference; explicitFileType = wrapper.application; includeInIndex = 0; path = Podcasts.app; sourceTree = BUILT_PRODUCTS_DIR; };
		2D50E16829FD57800009BBE9 /* AppDelegate.swift */ = {isa = PBXFileReference; lastKnownFileType = sourcecode.swift; path = AppDelegate.swift; sourceTree = "<group>"; };
		2D50E16A29FD57800009BBE9 /* SceneDelegate.swift */ = {isa = PBXFileReference; lastKnownFileType = sourcecode.swift; path = SceneDelegate.swift; sourceTree = "<group>"; };
		2D50E17129FD57810009BBE9 /* Assets.xcassets */ = {isa = PBXFileReference; lastKnownFileType = folder.assetcatalog; path = Assets.xcassets; sourceTree = "<group>"; };
		2D50E17429FD57810009BBE9 /* Base */ = {isa = PBXFileReference; lastKnownFileType = file.storyboard; name = Base; path = Base.lproj/LaunchScreen.storyboard; sourceTree = "<group>"; };
		2D50E17629FD57810009BBE9 /* Info.plist */ = {isa = PBXFileReference; lastKnownFileType = text.plist.xml; path = Info.plist; sourceTree = "<group>"; };
		2D5D476429FD61590071DFCA /* MainTabBarController.swift */ = {isa = PBXFileReference; lastKnownFileType = sourcecode.swift; path = MainTabBarController.swift; sourceTree = "<group>"; };
		2D5D476A29FD6D160071DFCA /* SearchController.swift */ = {isa = PBXFileReference; lastKnownFileType = sourcecode.swift; path = SearchController.swift; sourceTree = "<group>"; };
		2D5D476D29FD6D800071DFCA /* Podcast.swift */ = {isa = PBXFileReference; lastKnownFileType = sourcecode.swift; path = Podcast.swift; sourceTree = "<group>"; };
		2D5D477229FD76DE0071DFCA /* SearchResponse.swift */ = {isa = PBXFileReference; lastKnownFileType = sourcecode.swift; path = SearchResponse.swift; sourceTree = "<group>"; };
		2D5D477729FD81F70071DFCA /* NetworkManager.swift */ = {isa = PBXFileReference; lastKnownFileType = sourcecode.swift; path = NetworkManager.swift; sourceTree = "<group>"; };
		2DABAC712A0143E500839C92 /* UIApplication+.swift */ = {isa = PBXFileReference; lastKnownFileType = sourcecode.swift; path = "UIApplication+.swift"; sourceTree = "<group>"; };
		2DABAC752A01447E00839C92 /* PlayerDetailView.xib */ = {isa = PBXFileReference; lastKnownFileType = file.xib; path = PlayerDetailView.xib; sourceTree = "<group>"; };
		2DABAC792A01646200839C92 /* PlayerDetailView.swift */ = {isa = PBXFileReference; lastKnownFileType = sourcecode.swift; path = PlayerDetailView.swift; sourceTree = "<group>"; };
/* End PBXFileReference section */

/* Begin PBXFrameworksBuildPhase section */
		2D50E16229FD57800009BBE9 /* Frameworks */ = {
			isa = PBXFrameworksBuildPhase;
			buildActionMask = 2147483647;
			files = (
				2D4537F92A000B3900E138C8 /* FeedKit in Frameworks */,
				2D4537F029FFF02800E138C8 /* SDWebImage in Frameworks */,
				2D5D477129FD72550071DFCA /* Alamofire in Frameworks */,
			);
			runOnlyForDeploymentPostprocessing = 0;
		};
/* End PBXFrameworksBuildPhase section */

/* Begin PBXGroup section */
		2D4537E829FFE4A600E138C8 /* Views */ = {
			isa = PBXGroup;
			children = (
				2D4537E929FFE4C500E138C8 /* PodcastCell.swift */,
				2D4537EA29FFE4C500E138C8 /* PodcastCell.xib */,
				2D4537FA2A00125F00E138C8 /* EpisodeCell.swift */,
				2D4537FB2A00125F00E138C8 /* EpisodeCell.xib */,
				2DABAC792A01646200839C92 /* PlayerDetailView.swift */,
				2DABAC752A01447E00839C92 /* PlayerDetailView.xib */,
			);
			path = Views;
			sourceTree = "<group>";
		};
		2D4537F12A0005B700E138C8 /* App */ = {
			isa = PBXGroup;
			children = (
				2D50E16829FD57800009BBE9 /* AppDelegate.swift */,
				2D50E16A29FD57800009BBE9 /* SceneDelegate.swift */,
			);
			path = App;
			sourceTree = "<group>";
		};
		2D4537F22A0005BF00E138C8 /* Resources */ = {
			isa = PBXGroup;
			children = (
				2D50E17129FD57810009BBE9 /* Assets.xcassets */,
				2D50E17329FD57810009BBE9 /* LaunchScreen.storyboard */,
				2D50E17629FD57810009BBE9 /* Info.plist */,
			);
			path = Resources;
			sourceTree = "<group>";
		};
		2D4537FE2A001B3A00E138C8 /* Extensions */ = {
			isa = PBXGroup;
			children = (
				2D4537FF2A001B4900E138C8 /* String+.swift */,
				2DABAC712A0143E500839C92 /* UIApplication+.swift */,
				2D21A6A42A01A77C003EC59E /* CMTime+.swift */,
			);
			path = Extensions;
			sourceTree = "<group>";
		};
		2D50E15C29FD57800009BBE9 = {
			isa = PBXGroup;
			children = (
				2D50E16729FD57800009BBE9 /* Podcasts */,
				2D50E16629FD57800009BBE9 /* Products */,
			);
			sourceTree = "<group>";
		};
		2D50E16629FD57800009BBE9 /* Products */ = {
			isa = PBXGroup;
			children = (
				2D50E16529FD57800009BBE9 /* Podcasts.app */,
			);
			name = Products;
			sourceTree = "<group>";
		};
		2D50E16729FD57800009BBE9 /* Podcasts */ = {
			isa = PBXGroup;
			children = (
				2D4537FE2A001B3A00E138C8 /* Extensions */,
				2D4537F22A0005BF00E138C8 /* Resources */,
				2D4537F12A0005B700E138C8 /* App */,
				2D4537E829FFE4A600E138C8 /* Views */,
				2D5D477629FD81EE0071DFCA /* NetworkManager */,
				2D5D476C29FD6D6F0071DFCA /* Models */,
				2D5D476929FD6D0D0071DFCA /* Controllers */,
			);
			path = Podcasts;
			sourceTree = "<group>";
		};
		2D5D476929FD6D0D0071DFCA /* Controllers */ = {
			isa = PBXGroup;
			children = (
				2D5D476429FD61590071DFCA /* MainTabBarController.swift */,
				2D5D476A29FD6D160071DFCA /* SearchController.swift */,
				2D4537F32A00063400E138C8 /* EpisodesController.swift */,
			);
			path = Controllers;
			sourceTree = "<group>";
		};
		2D5D476C29FD6D6F0071DFCA /* Models */ = {
			isa = PBXGroup;
			children = (
				2D5D476D29FD6D800071DFCA /* Podcast.swift */,
				2D5D477229FD76DE0071DFCA /* SearchResponse.swift */,
				2D4537F52A0008F600E138C8 /* Episode.swift */,
			);
			path = Models;
			sourceTree = "<group>";
		};
		2D5D477629FD81EE0071DFCA /* NetworkManager */ = {
			isa = PBXGroup;
			children = (
				2D5D477729FD81F70071DFCA /* NetworkManager.swift */,
			);
			path = NetworkManager;
			sourceTree = "<group>";
		};
/* End PBXGroup section */

/* Begin PBXNativeTarget section */
		2D50E16429FD57800009BBE9 /* Podcasts */ = {
			isa = PBXNativeTarget;
			buildConfigurationList = 2D50E17929FD57810009BBE9 /* Build configuration list for PBXNativeTarget "Podcasts" */;
			buildPhases = (
				2D50E16129FD57800009BBE9 /* Sources */,
				2D50E16229FD57800009BBE9 /* Frameworks */,
				2D50E16329FD57800009BBE9 /* Resources */,
			);
			buildRules = (
			);
			dependencies = (
			);
			name = Podcasts;
			packageProductDependencies = (
				2D5D477029FD72550071DFCA /* Alamofire */,
				2D4537EF29FFF02800E138C8 /* SDWebImage */,
				2D4537F82A000B3900E138C8 /* FeedKit */,
			);
			productName = Podcasts;
			productReference = 2D50E16529FD57800009BBE9 /* Podcasts.app */;
			productType = "com.apple.product-type.application";
		};
/* End PBXNativeTarget section */

/* Begin PBXProject section */
		2D50E15D29FD57800009BBE9 /* Project object */ = {
			isa = PBXProject;
			attributes = {
				BuildIndependentTargetsInParallel = 1;
				LastSwiftUpdateCheck = 1430;
				LastUpgradeCheck = 1430;
				TargetAttributes = {
					2D50E16429FD57800009BBE9 = {
						CreatedOnToolsVersion = 14.3;
					};
				};
			};
			buildConfigurationList = 2D50E16029FD57800009BBE9 /* Build configuration list for PBXProject "Podcasts" */;
			compatibilityVersion = "Xcode 14.0";
			developmentRegion = en;
			hasScannedForEncodings = 0;
			knownRegions = (
				en,
				Base,
			);
			mainGroup = 2D50E15C29FD57800009BBE9;
			packageReferences = (
				2D5D476F29FD72550071DFCA /* XCRemoteSwiftPackageReference "Alamofire" */,
				2D4537EE29FFF02800E138C8 /* XCRemoteSwiftPackageReference "SDWebImage" */,
				2D4537F72A000B3900E138C8 /* XCRemoteSwiftPackageReference "FeedKit" */,
			);
			productRefGroup = 2D50E16629FD57800009BBE9 /* Products */;
			projectDirPath = "";
			projectRoot = "";
			targets = (
				2D50E16429FD57800009BBE9 /* Podcasts */,
			);
		};
/* End PBXProject section */

/* Begin PBXResourcesBuildPhase section */
		2D50E16329FD57800009BBE9 /* Resources */ = {
			isa = PBXResourcesBuildPhase;
			buildActionMask = 2147483647;
			files = (
				2DABAC762A01447E00839C92 /* PlayerDetailView.xib in Resources */,
				2D50E17529FD57810009BBE9 /* LaunchScreen.storyboard in Resources */,
				2D4537FD2A00125F00E138C8 /* EpisodeCell.xib in Resources */,
				2D50E17229FD57810009BBE9 /* Assets.xcassets in Resources */,
				2D4537EC29FFE4C500E138C8 /* PodcastCell.xib in Resources */,
			);
			runOnlyForDeploymentPostprocessing = 0;
		};
/* End PBXResourcesBuildPhase section */

/* Begin PBXSourcesBuildPhase section */
		2D50E16129FD57800009BBE9 /* Sources */ = {
			isa = PBXSourcesBuildPhase;
			buildActionMask = 2147483647;
			files = (
				2D5D477329FD76DE0071DFCA /* SearchResponse.swift in Sources */,
				2D5D476B29FD6D160071DFCA /* SearchController.swift in Sources */,
				2DABAC7A2A01646200839C92 /* PlayerDetailView.swift in Sources */,
				2DABAC722A0143E500839C92 /* UIApplication+.swift in Sources */,
				2D5D476E29FD6D800071DFCA /* Podcast.swift in Sources */,
				2D4537FC2A00125F00E138C8 /* EpisodeCell.swift in Sources */,
				2D4537F62A0008F600E138C8 /* Episode.swift in Sources */,
				2D4537F42A00063400E138C8 /* EpisodesController.swift in Sources */,
				2D5D477829FD81F70071DFCA /* NetworkManager.swift in Sources */,
				2D50E16929FD57800009BBE9 /* AppDelegate.swift in Sources */,
				2D5D476529FD61590071DFCA /* MainTabBarController.swift in Sources */,
				2D4537EB29FFE4C500E138C8 /* PodcastCell.swift in Sources */,
				2D4538002A001B4900E138C8 /* String+.swift in Sources */,
				2D21A6A52A01A77C003EC59E /* CMTime+.swift in Sources */,
				2D50E16B29FD57800009BBE9 /* SceneDelegate.swift in Sources */,
			);
			runOnlyForDeploymentPostprocessing = 0;
		};
/* End PBXSourcesBuildPhase section */

/* Begin PBXVariantGroup section */
		2D50E17329FD57810009BBE9 /* LaunchScreen.storyboard */ = {
			isa = PBXVariantGroup;
			children = (
				2D50E17429FD57810009BBE9 /* Base */,
			);
			name = LaunchScreen.storyboard;
			sourceTree = "<group>";
		};
/* End PBXVariantGroup section */

/* Begin XCBuildConfiguration section */
		2D50E17729FD57810009BBE9 /* Debug */ = {
			isa = XCBuildConfiguration;
			buildSettings = {
				ALWAYS_SEARCH_USER_PATHS = NO;
				CLANG_ANALYZER_NONNULL = YES;
				CLANG_ANALYZER_NUMBER_OBJECT_CONVERSION = YES_AGGRESSIVE;
				CLANG_CXX_LANGUAGE_STANDARD = "gnu++20";
				CLANG_ENABLE_MODULES = YES;
				CLANG_ENABLE_OBJC_ARC = YES;
				CLANG_ENABLE_OBJC_WEAK = YES;
				CLANG_WARN_BLOCK_CAPTURE_AUTORELEASING = YES;
				CLANG_WARN_BOOL_CONVERSION = YES;
				CLANG_WARN_COMMA = YES;
				CLANG_WARN_CONSTANT_CONVERSION = YES;
				CLANG_WARN_DEPRECATED_OBJC_IMPLEMENTATIONS = YES;
				CLANG_WARN_DIRECT_OBJC_ISA_USAGE = YES_ERROR;
				CLANG_WARN_DOCUMENTATION_COMMENTS = YES;
				CLANG_WARN_EMPTY_BODY = YES;
				CLANG_WARN_ENUM_CONVERSION = YES;
				CLANG_WARN_INFINITE_RECURSION = YES;
				CLANG_WARN_INT_CONVERSION = YES;
				CLANG_WARN_NON_LITERAL_NULL_CONVERSION = YES;
				CLANG_WARN_OBJC_IMPLICIT_RETAIN_SELF = YES;
				CLANG_WARN_OBJC_LITERAL_CONVERSION = YES;
				CLANG_WARN_OBJC_ROOT_CLASS = YES_ERROR;
				CLANG_WARN_QUOTED_INCLUDE_IN_FRAMEWORK_HEADER = YES;
				CLANG_WARN_RANGE_LOOP_ANALYSIS = YES;
				CLANG_WARN_STRICT_PROTOTYPES = YES;
				CLANG_WARN_SUSPICIOUS_MOVE = YES;
				CLANG_WARN_UNGUARDED_AVAILABILITY = YES_AGGRESSIVE;
				CLANG_WARN_UNREACHABLE_CODE = YES;
				CLANG_WARN__DUPLICATE_METHOD_MATCH = YES;
				COPY_PHASE_STRIP = NO;
				DEBUG_INFORMATION_FORMAT = dwarf;
				ENABLE_STRICT_OBJC_MSGSEND = YES;
				ENABLE_TESTABILITY = YES;
				GCC_C_LANGUAGE_STANDARD = gnu11;
				GCC_DYNAMIC_NO_PIC = NO;
				GCC_NO_COMMON_BLOCKS = YES;
				GCC_OPTIMIZATION_LEVEL = 0;
				GCC_PREPROCESSOR_DEFINITIONS = (
					"DEBUG=1",
					"$(inherited)",
				);
				GCC_WARN_64_TO_32_BIT_CONVERSION = YES;
				GCC_WARN_ABOUT_RETURN_TYPE = YES_ERROR;
				GCC_WARN_UNDECLARED_SELECTOR = YES;
				GCC_WARN_UNINITIALIZED_AUTOS = YES_AGGRESSIVE;
				GCC_WARN_UNUSED_FUNCTION = YES;
				GCC_WARN_UNUSED_VARIABLE = YES;
				IPHONEOS_DEPLOYMENT_TARGET = 16.4;
				MTL_ENABLE_DEBUG_INFO = INCLUDE_SOURCE;
				MTL_FAST_MATH = YES;
				ONLY_ACTIVE_ARCH = YES;
				SDKROOT = iphoneos;
				SWIFT_ACTIVE_COMPILATION_CONDITIONS = DEBUG;
				SWIFT_OPTIMIZATION_LEVEL = "-Onone";
			};
			name = Debug;
		};
		2D50E17829FD57810009BBE9 /* Release */ = {
			isa = XCBuildConfiguration;
			buildSettings = {
				ALWAYS_SEARCH_USER_PATHS = NO;
				CLANG_ANALYZER_NONNULL = YES;
				CLANG_ANALYZER_NUMBER_OBJECT_CONVERSION = YES_AGGRESSIVE;
				CLANG_CXX_LANGUAGE_STANDARD = "gnu++20";
				CLANG_ENABLE_MODULES = YES;
				CLANG_ENABLE_OBJC_ARC = YES;
				CLANG_ENABLE_OBJC_WEAK = YES;
				CLANG_WARN_BLOCK_CAPTURE_AUTORELEASING = YES;
				CLANG_WARN_BOOL_CONVERSION = YES;
				CLANG_WARN_COMMA = YES;
				CLANG_WARN_CONSTANT_CONVERSION = YES;
				CLANG_WARN_DEPRECATED_OBJC_IMPLEMENTATIONS = YES;
				CLANG_WARN_DIRECT_OBJC_ISA_USAGE = YES_ERROR;
				CLANG_WARN_DOCUMENTATION_COMMENTS = YES;
				CLANG_WARN_EMPTY_BODY = YES;
				CLANG_WARN_ENUM_CONVERSION = YES;
				CLANG_WARN_INFINITE_RECURSION = YES;
				CLANG_WARN_INT_CONVERSION = YES;
				CLANG_WARN_NON_LITERAL_NULL_CONVERSION = YES;
				CLANG_WARN_OBJC_IMPLICIT_RETAIN_SELF = YES;
				CLANG_WARN_OBJC_LITERAL_CONVERSION = YES;
				CLANG_WARN_OBJC_ROOT_CLASS = YES_ERROR;
				CLANG_WARN_QUOTED_INCLUDE_IN_FRAMEWORK_HEADER = YES;
				CLANG_WARN_RANGE_LOOP_ANALYSIS = YES;
				CLANG_WARN_STRICT_PROTOTYPES = YES;
				CLANG_WARN_SUSPICIOUS_MOVE = YES;
				CLANG_WARN_UNGUARDED_AVAILABILITY = YES_AGGRESSIVE;
				CLANG_WARN_UNREACHABLE_CODE = YES;
				CLANG_WARN__DUPLICATE_METHOD_MATCH = YES;
				COPY_PHASE_STRIP = NO;
				DEBUG_INFORMATION_FORMAT = "dwarf-with-dsym";
				ENABLE_NS_ASSERTIONS = NO;
				ENABLE_STRICT_OBJC_MSGSEND = YES;
				GCC_C_LANGUAGE_STANDARD = gnu11;
				GCC_NO_COMMON_BLOCKS = YES;
				GCC_WARN_64_TO_32_BIT_CONVERSION = YES;
				GCC_WARN_ABOUT_RETURN_TYPE = YES_ERROR;
				GCC_WARN_UNDECLARED_SELECTOR = YES;
				GCC_WARN_UNINITIALIZED_AUTOS = YES_AGGRESSIVE;
				GCC_WARN_UNUSED_FUNCTION = YES;
				GCC_WARN_UNUSED_VARIABLE = YES;
				IPHONEOS_DEPLOYMENT_TARGET = 16.4;
				MTL_ENABLE_DEBUG_INFO = NO;
				MTL_FAST_MATH = YES;
				SDKROOT = iphoneos;
				SWIFT_COMPILATION_MODE = wholemodule;
				SWIFT_OPTIMIZATION_LEVEL = "-O";
				VALIDATE_PRODUCT = YES;
			};
			name = Release;
		};
		2D50E17A29FD57810009BBE9 /* Debug */ = {
			isa = XCBuildConfiguration;
			buildSettings = {
				ASSETCATALOG_COMPILER_APPICON_NAME = AppIcon;
				ASSETCATALOG_COMPILER_GLOBAL_ACCENT_COLOR_NAME = AccentColor;
				CODE_SIGN_STYLE = Automatic;
				CURRENT_PROJECT_VERSION = 1;
				DEVELOPMENT_TEAM = HG8VJQPKXZ;
				GENERATE_INFOPLIST_FILE = YES;
				INFOPLIST_FILE = Podcasts/Resources/Info.plist;
				INFOPLIST_KEY_UIApplicationSupportsIndirectInputEvents = YES;
				INFOPLIST_KEY_UILaunchStoryboardName = LaunchScreen;
				INFOPLIST_KEY_UISupportedInterfaceOrientations_iPad = "UIInterfaceOrientationPortrait UIInterfaceOrientationPortraitUpsideDown UIInterfaceOrientationLandscapeLeft UIInterfaceOrientationLandscapeRight";
				INFOPLIST_KEY_UISupportedInterfaceOrientations_iPhone = "UIInterfaceOrientationPortrait UIInterfaceOrientationLandscapeLeft UIInterfaceOrientationLandscapeRight";
				LD_RUNPATH_SEARCH_PATHS = (
					"$(inherited)",
					"@executable_path/Frameworks",
				);
				MARKETING_VERSION = 1.0;
				PRODUCT_BUNDLE_IDENTIFIER = dev.nsemir.Podcasts;
				PRODUCT_NAME = "$(TARGET_NAME)";
				SWIFT_EMIT_LOC_STRINGS = YES;
				SWIFT_VERSION = 5.0;
				TARGETED_DEVICE_FAMILY = "1,2";
			};
			name = Debug;
		};
		2D50E17B29FD57810009BBE9 /* Release */ = {
			isa = XCBuildConfiguration;
			buildSettings = {
				ASSETCATALOG_COMPILER_APPICON_NAME = AppIcon;
				ASSETCATALOG_COMPILER_GLOBAL_ACCENT_COLOR_NAME = AccentColor;
				CODE_SIGN_STYLE = Automatic;
				CURRENT_PROJECT_VERSION = 1;
				DEVELOPMENT_TEAM = HG8VJQPKXZ;
				GENERATE_INFOPLIST_FILE = YES;
				INFOPLIST_FILE = Podcasts/Resources/Info.plist;
				INFOPLIST_KEY_UIApplicationSupportsIndirectInputEvents = YES;
				INFOPLIST_KEY_UILaunchStoryboardName = LaunchScreen;
				INFOPLIST_KEY_UISupportedInterfaceOrientations_iPad = "UIInterfaceOrientationPortrait UIInterfaceOrientationPortraitUpsideDown UIInterfaceOrientationLandscapeLeft UIInterfaceOrientationLandscapeRight";
				INFOPLIST_KEY_UISupportedInterfaceOrientations_iPhone = "UIInterfaceOrientationPortrait UIInterfaceOrientationLandscapeLeft UIInterfaceOrientationLandscapeRight";
				LD_RUNPATH_SEARCH_PATHS = (
					"$(inherited)",
					"@executable_path/Frameworks",
				);
				MARKETING_VERSION = 1.0;
				PRODUCT_BUNDLE_IDENTIFIER = dev.nsemir.Podcasts;
				PRODUCT_NAME = "$(TARGET_NAME)";
				SWIFT_EMIT_LOC_STRINGS = YES;
				SWIFT_VERSION = 5.0;
				TARGETED_DEVICE_FAMILY = "1,2";
			};
			name = Release;
		};
/* End XCBuildConfiguration section */

/* Begin XCConfigurationList section */
		2D50E16029FD57800009BBE9 /* Build configuration list for PBXProject "Podcasts" */ = {
			isa = XCConfigurationList;
			buildConfigurations = (
				2D50E17729FD57810009BBE9 /* Debug */,
				2D50E17829FD57810009BBE9 /* Release */,
			);
			defaultConfigurationIsVisible = 0;
			defaultConfigurationName = Release;
		};
		2D50E17929FD57810009BBE9 /* Build configuration list for PBXNativeTarget "Podcasts" */ = {
			isa = XCConfigurationList;
			buildConfigurations = (
				2D50E17A29FD57810009BBE9 /* Debug */,
				2D50E17B29FD57810009BBE9 /* Release */,
			);
			defaultConfigurationIsVisible = 0;
			defaultConfigurationName = Release;
		};
/* End XCConfigurationList section */

/* Begin XCRemoteSwiftPackageReference section */
		2D4537EE29FFF02800E138C8 /* XCRemoteSwiftPackageReference "SDWebImage" */ = {
			isa = XCRemoteSwiftPackageReference;
			repositoryURL = "https://github.com/SDWebImage/SDWebImage.git";
			requirement = {
				kind = upToNextMajorVersion;
				minimumVersion = 5.0.0;
			};
		};
		2D4537F72A000B3900E138C8 /* XCRemoteSwiftPackageReference "FeedKit" */ = {
			isa = XCRemoteSwiftPackageReference;
			repositoryURL = "https://github.com/nmdias/FeedKit.git";
			requirement = {
				kind = upToNextMajorVersion;
				minimumVersion = 9.0.0;
			};
		};
		2D5D476F29FD72550071DFCA /* XCRemoteSwiftPackageReference "Alamofire" */ = {
			isa = XCRemoteSwiftPackageReference;
			repositoryURL = "https://github.com/Alamofire/Alamofire.git";
			requirement = {
				kind = upToNextMajorVersion;
				minimumVersion = 5.0.0;
			};
		};
/* End XCRemoteSwiftPackageReference section */

/* Begin XCSwiftPackageProductDependency section */
		2D4537EF29FFF02800E138C8 /* SDWebImage */ = {
			isa = XCSwiftPackageProductDependency;
			package = 2D4537EE29FFF02800E138C8 /* XCRemoteSwiftPackageReference "SDWebImage" */;
			productName = SDWebImage;
		};
		2D4537F82A000B3900E138C8 /* FeedKit */ = {
			isa = XCSwiftPackageProductDependency;
			package = 2D4537F72A000B3900E138C8 /* XCRemoteSwiftPackageReference "FeedKit" */;
			productName = FeedKit;
		};
		2D5D477029FD72550071DFCA /* Alamofire */ = {
			isa = XCSwiftPackageProductDependency;
			package = 2D5D476F29FD72550071DFCA /* XCRemoteSwiftPackageReference "Alamofire" */;
			productName = Alamofire;
		};
/* End XCSwiftPackageProductDependency section */
	};
	rootObject = 2D50E15D29FD57800009BBE9 /* Project object */;
}
